
Microsoft Visual Studio Solution File, Format Version 12.00
# Visual Studio Version 16
VisualStudioVersion = 16.0.30104.148
MinimumVisualStudioVersion = 10.0.40219.1
Project("{FAE04EC0-301F-11D3-BF4B-00C04F79EFBC}") = "DemoSalesApp", "DemoSalesApp\DemoSalesApp.csproj", "{C58E3552-7480-4DDF-987F-06611DA387E4}"
EndProject
Project("{FAE04EC0-301F-11D3-BF4B-00C04F79EFBC}") = "DemoSalesApp.Models", "DemoSalesApp.Models\DemoSalesApp.Models.csproj", "{7784B450-DD92-43E3-938E-D052D9E35783}"
EndProject
Project("{FAE04EC0-301F-11D3-BF4B-00C04F79EFBC}") = "DemoSalesApp.DLL", "DemoSalesApp.DLL\DemoSalesApp.DLL.csproj", "{6F09C142-983B-49CA-9CF7-8DFBD66C0A5D}"
EndProject
Project("{FAE04EC0-301F-11D3-BF4B-00C04F79EFBC}") = "DemoSalesApp.ViewModels", "DemoSalesApp.ViewModels\DemoSalesApp.ViewModels.csproj", "{F1587F04-6D03-4F20-A8F6-94F36B3D92DE}"
EndProject
Global
	GlobalSection(SolutionConfigurationPlatforms) = preSolution
		Debug|Any CPU = Debug|Any CPU
		Release|Any CPU = Release|Any CPU
	EndGlobalSection
	GlobalSection(ProjectConfigurationPlatforms) = postSolution
		{C58E3552-7480-4DDF-987F-06611DA387E4}.Debug|Any CPU.ActiveCfg = Debug|Any CPU
		{C58E3552-7480-4DDF-987F-06611DA387E4}.Debug|Any CPU.Build.0 = Debug|Any CPU
		{C58E3552-7480-4DDF-987F-06611DA387E4}.Release|Any CPU.ActiveCfg = Release|Any CPU
		{C58E3552-7480-4DDF-987F-06611DA387E4}.Release|Any CPU.Build.0 = Release|Any CPU
		{7784B450-DD92-43E3-938E-D052D9E35783}.Debug|Any CPU.ActiveCfg = Debug|Any CPU
		{7784B450-DD92-43E3-938E-D052D9E35783}.Debug|Any CPU.Build.0 = Debug|Any CPU
		{7784B450-DD92-43E3-938E-D052D9E35783}.Release|Any CPU.ActiveCfg = Release|Any CPU
		{7784B450-DD92-43E3-938E-D052D9E35783}.Release|Any CPU.Build.0 = Release|Any CPU
		{6F09C142-983B-49CA-9CF7-8DFBD66C0A5D}.Debug|Any CPU.ActiveCfg = Debug|Any CPU
		{6F09C142-983B-49CA-9CF7-8DFBD66C0A5D}.Debug|Any CPU.Build.0 = Debug|Any CPU
		{6F09C142-983B-49CA-9CF7-8DFBD66C0A5D}.Release|Any CPU.ActiveCfg = Release|Any CPU
		{6F09C142-983B-49CA-9CF7-8DFBD66C0A5D}.Release|Any CPU.Build.0 = Release|Any CPU
		{F1587F04-6D03-4F20-A8F6-94F36B3D92DE}.Debug|Any CPU.ActiveCfg = Debug|Any CPU
		{F1587F04-6D03-4F20-A8F6-94F36B3D92DE}.Debug|Any CPU.Build.0 = Debug|Any CPU
		{F1587F04-6D03-4F20-A8F6-94F36B3D92DE}.Release|Any CPU.ActiveCfg = Release|Any CPU
		{F1587F04-6D03-4F20-A8F6-94F36B3D92DE}.Release|Any CPU.Build.0 = Release|Any CPU
	EndGlobalSection
	GlobalSection(SolutionProperties) = preSolution
		HideSolutionNode = FALSE
	EndGlobalSection
	GlobalSection(ExtensibilityGlobals) = postSolution
		SolutionGuid = {6568E232-3894-4D5D-AC63-3C29F9BFF49E}
	EndGlobalSection
EndGlobal
